// !$*UTF8*$!
{
	archiveVersion = 1;
	classes = {
	};
	objectVersion = 50;
	objects = {

/* Begin PBXBuildFile section */
		8411CCA723B1FEA000AD7268 /* AppDelegate.swift in Sources */ = {isa = PBXBuildFile; fileRef = 8411CCA623B1FEA000AD7268 /* AppDelegate.swift */; };
		8411CCA923B1FEA000AD7268 /* SceneDelegate.swift in Sources */ = {isa = PBXBuildFile; fileRef = 8411CCA823B1FEA000AD7268 /* SceneDelegate.swift */; };
		8411CCAC23B1FEA000AD7268 /* MappTravaux.xcdatamodeld in Sources */ = {isa = PBXBuildFile; fileRef = 8411CCAA23B1FEA000AD7268 /* MappTravaux.xcdatamodeld */; };
		8411CCAE23B1FEA000AD7268 /* ContentView.swift in Sources */ = {isa = PBXBuildFile; fileRef = 8411CCAD23B1FEA000AD7268 /* ContentView.swift */; };
		8411CCB023B1FEA100AD7268 /* Assets.xcassets in Resources */ = {isa = PBXBuildFile; fileRef = 8411CCAF23B1FEA100AD7268 /* Assets.xcassets */; };
		8411CCB323B1FEA100AD7268 /* Preview Assets.xcassets in Resources */ = {isa = PBXBuildFile; fileRef = 8411CCB223B1FEA100AD7268 /* Preview Assets.xcassets */; };
		8411CCB623B1FEA100AD7268 /* LaunchScreen.storyboard in Resources */ = {isa = PBXBuildFile; fileRef = 8411CCB423B1FEA100AD7268 /* LaunchScreen.storyboard */; };
/* End PBXBuildFile section */

/* Begin PBXFileReference section */
		8411CCA323B1FEA000AD7268 /* MappTravaux.app */ = {isa = PBXFileReference; explicitFileType = wrapper.application; includeInIndex = 0; path = MappTravaux.app; sourceTree = BUILT_PRODUCTS_DIR; };
		8411CCA623B1FEA000AD7268 /* AppDelegate.swift */ = {isa = PBXFileReference; lastKnownFileType = sourcecode.swift; path = AppDelegate.swift; sourceTree = "<group>"; };
		8411CCA823B1FEA000AD7268 /* SceneDelegate.swift */ = {isa = PBXFileReference; lastKnownFileType = sourcecode.swift; path = SceneDelegate.swift; sourceTree = "<group>"; };
		8411CCAB23B1FEA000AD7268 /* MappTravaux.xcdatamodel */ = {isa = PBXFileReference; lastKnownFileType = wrapper.xcdatamodel; path = MappTravaux.xcdatamodel; sourceTree = "<group>"; };
		8411CCAD23B1FEA000AD7268 /* ContentView.swift */ = {isa = PBXFileReference; lastKnownFileType = sourcecode.swift; path = ContentView.swift; sourceTree = "<group>"; };
		8411CCAF23B1FEA100AD7268 /* Assets.xcassets */ = {isa = PBXFileReference; lastKnownFileType = folder.assetcatalog; path = Assets.xcassets; sourceTree = "<group>"; };
		8411CCB223B1FEA100AD7268 /* Preview Assets.xcassets */ = {isa = PBXFileReference; lastKnownFileType = folder.assetcatalog; path = "Preview Assets.xcassets"; sourceTree = "<group>"; };
		8411CCB523B1FEA100AD7268 /* Base */ = {isa = PBXFileReference; lastKnownFileType = file.storyboard; name = Base; path = Base.lproj/LaunchScreen.storyboard; sourceTree = "<group>"; };
		8411CCB723B1FEA100AD7268 /* Info.plist */ = {isa = PBXFileReference; lastKnownFileType = text.plist.xml; path = Info.plist; sourceTree = "<group>"; };
/* End PBXFileReference section */

/* Begin PBXFrameworksBuildPhase section */
		8411CCA023B1FEA000AD7268 /* Frameworks */ = {
			isa = PBXFrameworksBuildPhase;
			buildActionMask = 2147483647;
			files = (
			);
			runOnlyForDeploymentPostprocessing = 0;
		};
/* End PBXFrameworksBuildPhase section */

/* Begin PBXGroup section */
		8411CC9A23B1FEA000AD7268 = {
			isa = PBXGroup;
			children = (
				8411CCA523B1FEA000AD7268 /* MappTravaux */,
				8411CCA423B1FEA000AD7268 /* Products */,
			);
			sourceTree = "<group>";
		};
		8411CCA423B1FEA000AD7268 /* Products */ = {
			isa = PBXGroup;
			children = (
				8411CCA323B1FEA000AD7268 /* MappTravaux.app */,
			);
			name = Products;
			sourceTree = "<group>";
		};
		8411CCA523B1FEA000AD7268 /* MappTravaux */ = {
			isa = PBXGroup;
			children = (
				8411CCA623B1FEA000AD7268 /* AppDelegate.swift */,
				8411CCA823B1FEA000AD7268 /* SceneDelegate.swift */,
				8411CCAD23B1FEA000AD7268 /* ContentView.swift */,
				8411CCAF23B1FEA100AD7268 /* Assets.xcassets */,
				8411CCB423B1FEA100AD7268 /* LaunchScreen.storyboard */,
				8411CCB723B1FEA100AD7268 /* Info.plist */,
				8411CCAA23B1FEA000AD7268 /* MappTravaux.xcdatamodeld */,
				8411CCB123B1FEA100AD7268 /* Preview Content */,
			);
			path = MappTravaux;
			sourceTree = "<group>";
		};
		8411CCB123B1FEA100AD7268 /* Preview Content */ = {
			isa = PBXGroup;
			children = (
				8411CCB223B1FEA100AD7268 /* Preview Assets.xcassets */,
			);
			path = "Preview Content";
			sourceTree = "<group>";
		};
/* End PBXGroup section */

/* Begin PBXNativeTarget section */
		8411CCA223B1FEA000AD7268 /* MappTravaux */ = {
			isa = PBXNativeTarget;
			buildConfigurationList = 8411CCBA23B1FEA100AD7268 /* Build configuration list for PBXNativeTarget "MappTravaux" */;
			buildPhases = (
				8411CC9F23B1FEA000AD7268 /* Sources */,
				8411CCA023B1FEA000AD7268 /* Frameworks */,
				8411CCA123B1FEA000AD7268 /* Resources */,
			);
			buildRules = (
			);
			dependencies = (
			);
			name = MappTravaux;
			productName = MappTravaux;
			productReference = 8411CCA323B1FEA000AD7268 /* MappTravaux.app */;
			productType = "com.apple.product-type.application";
		};
/* End PBXNativeTarget section */

/* Begin PBXProject section */
		8411CC9B23B1FEA000AD7268 /* Project object */ = {
			isa = PBXProject;
			attributes = {
				LastSwiftUpdateCheck = 1130;
				LastUpgradeCheck = 1130;
				ORGANIZATIONNAME = "Jules Viot";
				TargetAttributes = {
					8411CCA223B1FEA000AD7268 = {
						CreatedOnToolsVersion = 11.3;
					};
				};
			};
			buildConfigurationList = 8411CC9E23B1FEA000AD7268 /* Build configuration list for PBXProject "MappTravaux" */;
			compatibilityVersion = "Xcode 9.3";
			developmentRegion = en;
			hasScannedForEncodings = 0;
			knownRegions = (
				en,
				Base,
			);
			mainGroup = 8411CC9A23B1FEA000AD7268;
			productRefGroup = 8411CCA423B1FEA000AD7268 /* Products */;
			projectDirPath = "";
			projectRoot = "";
			targets = (
				8411CCA223B1FEA000AD7268 /* MappTravaux */,
			);
		};
/* End PBXProject section */

/* Begin PBXResourcesBuildPhase section */
		8411CCA123B1FEA000AD7268 /* Resources */ = {
			isa = PBXResourcesBuildPhase;
			buildActionMask = 2147483647;
			files = (
				8411CCB623B1FEA100AD7268 /* LaunchScreen.storyboard in Resources */,
				8411CCB323B1FEA100AD7268 /* Preview Assets.xcassets in Resources */,
				8411CCB023B1FEA100AD7268 /* Assets.xcassets in Resources */,
			);
			runOnlyForDeploymentPostprocessing = 0;
		};
/* End PBXResourcesBuildPhase section */

/* Begin PBXSourcesBuildPhase section */
		8411CC9F23B1FEA000AD7268 /* Sources */ = {
			isa = PBXSourcesBuildPhase;
			buildActionMask = 2147483647;
			files = (
				8411CCAC23B1FEA000AD7268 /* MappTravaux.xcdatamodeld in Sources */,
				8411CCA723B1FEA000AD7268 /* AppDelegate.swift in Sources */,
				8411CCAE23B1FEA000AD7268 /* ContentView.swift in Sources */,
				8411CCA923B1FEA000AD7268 /* SceneDelegate.swift in Sources */,
			);
			runOnlyForDeploymentPostprocessing = 0;
		};
/* End PBXSourcesBuildPhase section */

/* Begin PBXVariantGroup section */
		8411CCB423B1FEA100AD7268 /* LaunchScreen.storyboard */ = {
			isa = PBXVariantGroup;
			children = (
				8411CCB523B1FEA100AD7268 /* Base */,
			);
			name = LaunchScreen.storyboard;
			sourceTree = "<group>";
		};
/* End PBXVariantGroup section */

/* Begin XCBuildConfiguration section */
		8411CCB823B1FEA100AD7268 /* Debug */ = {
			isa = XCBuildConfiguration;
			buildSettings = {
				ALWAYS_SEARCH_USER_PATHS = NO;
				CLANG_ANALYZER_NONNULL = YES;
				CLANG_ANALYZER_NUMBER_OBJECT_CONVERSION = YES_AGGRESSIVE;
				CLANG_CXX_LANGUAGE_STANDARD = "gnu++14";
				CLANG_CXX_LIBRARY = "libc++";
				CLANG_ENABLE_MODULES = YES;
				CLANG_ENABLE_OBJC_ARC = YES;
				CLANG_ENABLE_OBJC_WEAK = YES;
				CLANG_WARN_BLOCK_CAPTURE_AUTORELEASING = YES;
				CLANG_WARN_BOOL_CONVERSION = YES;
				CLANG_WARN_COMMA = YES;
				CLANG_WARN_CONSTANT_CONVERSION = YES;
				CLANG_WARN_DEPRECATED_OBJC_IMPLEMENTATIONS = YES;
				CLANG_WARN_DIRECT_OBJC_ISA_USAGE = YES_ERROR;
				CLANG_WARN_DOCUMENTATION_COMMENTS = YES;
				CLANG_WARN_EMPTY_BODY = YES;
				CLANG_WARN_ENUM_CONVERSION = YES;
				CLANG_WARN_INFINITE_RECURSION = YES;
				CLANG_WARN_INT_CONVERSION = YES;
				CLANG_WARN_NON_LITERAL_NULL_CONVERSION = YES;
				CLANG_WARN_OBJC_IMPLICIT_RETAIN_SELF = YES;
				CLANG_WARN_OBJC_LITERAL_CONVERSION = YES;
				CLANG_WARN_OBJC_ROOT_CLASS = YES_ERROR;
				CLANG_WARN_RANGE_LOOP_ANALYSIS = YES;
				CLANG_WARN_STRICT_PROTOTYPES = YES;
				CLANG_WARN_SUSPICIOUS_MOVE = YES;
				CLANG_WARN_UNGUARDED_AVAILABILITY = YES_AGGRESSIVE;
				CLANG_WARN_UNREACHABLE_CODE = YES;
				CLANG_WARN__DUPLICATE_METHOD_MATCH = YES;
				COPY_PHASE_STRIP = NO;
				DEBUG_INFORMATION_FORMAT = dwarf;
				ENABLE_STRICT_OBJC_MSGSEND = YES;
				ENABLE_TESTABILITY = YES;
				GCC_C_LANGUAGE_STANDARD = gnu11;
				GCC_DYNAMIC_NO_PIC = NO;
				GCC_NO_COMMON_BLOCKS = YES;
				GCC_OPTIMIZATION_LEVEL = 0;
				GCC_PREPROCESSOR_DEFINITIONS = (
					"DEBUG=1",
					"$(inherited)",
				);
				GCC_WARN_64_TO_32_BIT_CONVERSION = YES;
				GCC_WARN_ABOUT_RETURN_TYPE = YES_ERROR;
				GCC_WARN_UNDECLARED_SELECTOR = YES;
				GCC_WARN_UNINITIALIZED_AUTOS = YES_AGGRESSIVE;
				GCC_WARN_UNUSED_FUNCTION = YES;
				GCC_WARN_UNUSED_VARIABLE = YES;
				IPHONEOS_DEPLOYMENT_TARGET = 13.2;
				MTL_ENABLE_DEBUG_INFO = INCLUDE_SOURCE;
				MTL_FAST_MATH = YES;
				ONLY_ACTIVE_ARCH = YES;
				SDKROOT = iphoneos;
				SWIFT_ACTIVE_COMPILATION_CONDITIONS = DEBUG;
				SWIFT_OPTIMIZATION_LEVEL = "-Onone";
			};
			name = Debug;
		};
		8411CCB923B1FEA100AD7268 /* Release */ = {
			isa = XCBuildConfiguration;
			buildSettings = {
				ALWAYS_SEARCH_USER_PATHS = NO;
				CLANG_ANALYZER_NONNULL = YES;
				CLANG_ANALYZER_NUMBER_OBJECT_CONVERSION = YES_AGGRESSIVE;
				CLANG_CXX_LANGUAGE_STANDARD = "gnu++14";
				CLANG_CXX_LIBRARY = "libc++";
				CLANG_ENABLE_MODULES = YES;
				CLANG_ENABLE_OBJC_ARC = YES;
				CLANG_ENABLE_OBJC_WEAK = YES;
				CLANG_WARN_BLOCK_CAPTURE_AUTORELEASING = YES;
				CLANG_WARN_BOOL_CONVERSION = YES;
				CLANG_WARN_COMMA = YES;
				CLANG_WARN_CONSTANT_CONVERSION = YES;
				CLANG_WARN_DEPRECATED_OBJC_IMPLEMENTATIONS = YES;
				CLANG_WARN_DIRECT_OBJC_ISA_USAGE = YES_ERROR;
				CLANG_WARN_DOCUMENTATION_COMMENTS = YES;
				CLANG_WARN_EMPTY_BODY = YES;
				CLANG_WARN_ENUM_CONVERSION = YES;
				CLANG_WARN_INFINITE_RECURSION = YES;
				CLANG_WARN_INT_CONVERSION = YES;
				CLANG_WARN_NON_LITERAL_NULL_CONVERSION = YES;
				CLANG_WARN_OBJC_IMPLICIT_RETAIN_SELF = YES;
				CLANG_WARN_OBJC_LITERAL_CONVERSION = YES;
				CLANG_WARN_OBJC_ROOT_CLASS = YES_ERROR;
				CLANG_WARN_RANGE_LOOP_ANALYSIS = YES;
				CLANG_WARN_STRICT_PROTOTYPES = YES;
				CLANG_WARN_SUSPICIOUS_MOVE = YES;
				CLANG_WARN_UNGUARDED_AVAILABILITY = YES_AGGRESSIVE;
				CLANG_WARN_UNREACHABLE_CODE = YES;
				CLANG_WARN__DUPLICATE_METHOD_MATCH = YES;
				COPY_PHASE_STRIP = NO;
				DEBUG_INFORMATION_FORMAT = "dwarf-with-dsym";
				ENABLE_NS_ASSERTIONS = NO;
				ENABLE_STRICT_OBJC_MSGSEND = YES;
				GCC_C_LANGUAGE_STANDARD = gnu11;
				GCC_NO_COMMON_BLOCKS = YES;
				GCC_WARN_64_TO_32_BIT_CONVERSION = YES;
				GCC_WARN_ABOUT_RETURN_TYPE = YES_ERROR;
				GCC_WARN_UNDECLARED_SELECTOR = YES;
				GCC_WARN_UNINITIALIZED_AUTOS = YES_AGGRESSIVE;
				GCC_WARN_UNUSED_FUNCTION = YES;
				GCC_WARN_UNUSED_VARIABLE = YES;
				IPHONEOS_DEPLOYMENT_TARGET = 13.2;
				MTL_ENABLE_DEBUG_INFO = NO;
				MTL_FAST_MATH = YES;
				SDKROOT = iphoneos;
				SWIFT_COMPILATION_MODE = wholemodule;
				SWIFT_OPTIMIZATION_LEVEL = "-O";
				VALIDATE_PRODUCT = YES;
			};
			name = Release;
		};
		8411CCBB23B1FEA100AD7268 /* Debug */ = {
			isa = XCBuildConfiguration;
			buildSettings = {
				ASSETCATALOG_COMPILER_APPICON_NAME = AppIcon;
				CODE_SIGN_STYLE = Automatic;
				DEVELOPMENT_ASSET_PATHS = "\"MappTravaux/Preview Content\"";
				DEVELOPMENT_TEAM = NJZAWC8QD5;
				ENABLE_PREVIEWS = YES;
				INFOPLIST_FILE = MappTravaux/Info.plist;
				LD_RUNPATH_SEARCH_PATHS = (
					"$(inherited)",
					"@executable_path/Frameworks",
				);
				PRODUCT_BUNDLE_IDENTIFIER = jules.MappTravaux;
				PRODUCT_NAME = "$(TARGET_NAME)";
				SWIFT_VERSION = 5.0;
				TARGETED_DEVICE_FAMILY = "1,2";
			};
			name = Debug;
		};
		8411CCBC23B1FEA100AD7268 /* Release */ = {
			isa = XCBuildConfiguration;
			buildSettings = {
				ASSETCATALOG_COMPILER_APPICON_NAME = AppIcon;
				CODE_SIGN_STYLE = Automatic;
				DEVELOPMENT_ASSET_PATHS = "\"MappTravaux/Preview Content\"";
				DEVELOPMENT_TEAM = NJZAWC8QD5;
				ENABLE_PREVIEWS = YES;
				INFOPLIST_FILE = MappTravaux/Info.plist;
				LD_RUNPATH_SEARCH_PATHS = (
					"$(inherited)",
					"@executable_path/Frameworks",
				);
				PRODUCT_BUNDLE_IDENTIFIER = jules.MappTravaux;
				PRODUCT_NAME = "$(TARGET_NAME)";
				SWIFT_VERSION = 5.0;
				TARGETED_DEVICE_FAMILY = "1,2";
			};
			name = Release;
		};
/* End XCBuildConfiguration section */

/* Begin XCConfigurationList section */
		8411CC9E23B1FEA000AD7268 /* Build configuration list for PBXProject "MappTravaux" */ = {
			isa = XCConfigurationList;
			buildConfigurations = (
				8411CCB823B1FEA100AD7268 /* Debug */,
				8411CCB923B1FEA100AD7268 /* Release */,
			);
			defaultConfigurationIsVisible = 0;
			defaultConfigurationName = Release;
		};
		8411CCBA23B1FEA100AD7268 /* Build configuration list for PBXNativeTarget "MappTravaux" */ = {
			isa = XCConfigurationList;
			buildConfigurations = (
				8411CCBB23B1FEA100AD7268 /* Debug */,
				8411CCBC23B1FEA100AD7268 /* Release */,
			);
			defaultConfigurationIsVisible = 0;
			defaultConfigurationName = Release;
		};
/* End XCConfigurationList section */

/* Begin XCVersionGroup section */
		8411CCAA23B1FEA000AD7268 /* MappTravaux.xcdatamodeld */ = {
			isa = XCVersionGroup;
			children = (
				8411CCAB23B1FEA000AD7268 /* MappTravaux.xcdatamodel */,
			);
			currentVersion = 8411CCAB23B1FEA000AD7268 /* MappTravaux.xcdatamodel */;
			path = MappTravaux.xcdatamodeld;
			sourceTree = "<group>";
			versionGroupType = wrapper.xcdatamodel;
		};
/* End XCVersionGroup section */
	};
	rootObject = 8411CC9B23B1FEA000AD7268 /* Project object */;
}
